
Microsoft Visual Studio Solution File, Format Version 12.00
# Visual Studio 15
VisualStudioVersion = 15.0.26124.0
MinimumVisualStudioVersion = 15.0.26124.0
Project("{FAE04EC0-301F-11D3-BF4B-00C04F79EFBC}") = "ComicVineApi", "ComicVineApi\ComicVineApi.csproj", "{4E1E37C0-A2AA-4A7A-92F3-F8D8A9575685}"
EndProject
Project("{FAE04EC0-301F-11D3-BF4B-00C04F79EFBC}") = "ComicVineApi.Tests", "ComicVineApi.Tests\ComicVineApi.Tests.csproj", "{CACBCC98-F429-4469-8E00-5958F5E49BCC}"
EndProject
Global
	GlobalSection(SolutionConfigurationPlatforms) = preSolution
		Debug|Any CPU = Debug|Any CPU
		Release|Any CPU = Release|Any CPU
	EndGlobalSection
	GlobalSection(SolutionProperties) = preSolution
		HideSolutionNode = FALSE
	EndGlobalSection
	GlobalSection(ProjectConfigurationPlatforms) = postSolution
		{4E1E37C0-A2AA-4A7A-92F3-F8D8A9575685}.Debug|Any CPU.ActiveCfg = Debug|Any CPU
		{4E1E37C0-A2AA-4A7A-92F3-F8D8A9575685}.Debug|Any CPU.Build.0 = Debug|Any CPU
		{4E1E37C0-A2AA-4A7A-92F3-F8D8A9575685}.Release|Any CPU.ActiveCfg = Release|Any CPU
		{4E1E37C0-A2AA-4A7A-92F3-F8D8A9575685}.Release|Any CPU.Build.0 = Release|Any CPU
		{CACBCC98-F429-4469-8E00-5958F5E49BCC}.Debug|Any CPU.ActiveCfg = Debug|Any CPU
		{CACBCC98-F429-4469-8E00-5958F5E49BCC}.Debug|Any CPU.Build.0 = Debug|Any CPU
		{CACBCC98-F429-4469-8E00-5958F5E49BCC}.Release|Any CPU.ActiveCfg = Release|Any CPU
		{CACBCC98-F429-4469-8E00-5958F5E49BCC}.Release|Any CPU.Build.0 = Release|Any CPU
	EndGlobalSection
EndGlobal
