
Microsoft Visual Studio Solution File, Format Version 12.00
# Visual Studio Version 16
VisualStudioVersion = 16.0.29414.127
MinimumVisualStudioVersion = 15.0.26124.0
Project("{9A19103F-16F7-4668-BE54-9A1E7A4F7556}") = "ComicVineApi", "ComicVineApi\ComicVineApi.csproj", "{4E1E37C0-A2AA-4A7A-92F3-F8D8A9575685}"
EndProject
Project("{9A19103F-16F7-4668-BE54-9A1E7A4F7556}") = "ComicVineApi.Tests", "ComicVineApi.Tests\ComicVineApi.Tests.csproj", "{CACBCC98-F429-4469-8E00-5958F5E49BCC}"
EndProject
Project("{2150E333-8FDC-42A3-9474-1A3956D46DE8}") = "Solution Items", "Solution Items", "{BD1617F7-A7FF-4816-BEC5-65CE340159E1}"
	ProjectSection(SolutionItems) = preProject
		.editorconfig = .editorconfig
	EndProjectSection
EndProject
Global
	GlobalSection(SolutionConfigurationPlatforms) = preSolution
		Debug|Any CPU = Debug|Any CPU
		Release|Any CPU = Release|Any CPU
	EndGlobalSection
	GlobalSection(ProjectConfigurationPlatforms) = postSolution
		{4E1E37C0-A2AA-4A7A-92F3-F8D8A9575685}.Debug|Any CPU.ActiveCfg = Debug|Any CPU
		{4E1E37C0-A2AA-4A7A-92F3-F8D8A9575685}.Debug|Any CPU.Build.0 = Debug|Any CPU
		{4E1E37C0-A2AA-4A7A-92F3-F8D8A9575685}.Release|Any CPU.ActiveCfg = Release|Any CPU
		{4E1E37C0-A2AA-4A7A-92F3-F8D8A9575685}.Release|Any CPU.Build.0 = Release|Any CPU
		{CACBCC98-F429-4469-8E00-5958F5E49BCC}.Debug|Any CPU.ActiveCfg = Debug|Any CPU
		{CACBCC98-F429-4469-8E00-5958F5E49BCC}.Debug|Any CPU.Build.0 = Debug|Any CPU
		{CACBCC98-F429-4469-8E00-5958F5E49BCC}.Release|Any CPU.ActiveCfg = Release|Any CPU
		{CACBCC98-F429-4469-8E00-5958F5E49BCC}.Release|Any CPU.Build.0 = Release|Any CPU
	EndGlobalSection
	GlobalSection(SolutionProperties) = preSolution
		HideSolutionNode = FALSE
	EndGlobalSection
	GlobalSection(ExtensibilityGlobals) = postSolution
		SolutionGuid = {48B5ECA9-EC72-4451-AADA-578F3B4259E8}
	EndGlobalSection
EndGlobal
